PODS:
  - AFNetworking/NSURLSession (3.0.3):
    - AFNetworking/Reachability
    - AFNetworking/Security
    - AFNetworking/Serialization
  - AFNetworking/Reachability (3.0.3)
  - AFNetworking/Security (3.0.3)
  - AFNetworking/Serialization (3.0.3)
  - Mantle (2.0.6):
    - Mantle/extobjc (= 2.0.6)
  - Mantle/extobjc (2.0.6)
  - OCMock (3.2)

DEPENDENCIES:
  - AFNetworking/NSURLSession (~> 3.0.0)
  - Mantle (~> 2.0.0)
  - OCMock

SPEC CHECKSUMS:
  AFNetworking: ba06eb9f27de596808c0acc09e1c920cb1d17ab4
  Mantle: 299966b00759634931699f69cb6a30b9239b944d
  OCMock: 28def049ef47f996b515a8eeea958be7ccab2dbb

COCOAPODS: 0.39.0
